{
  "name": "@tervis/tervisproductmetadata",
  "version": "1.0.46",
  "lockfileVersion": 1,
  "requires": true,
  "dependencies": {
    "@tervis/tervisutilityjs": {
      "version": "0.1.12",
      "resolved": "https://registry.npmjs.org/@tervis/tervisutilityjs/-/tervisutilityjs-0.1.12.tgz",
      "integrity": "sha512-GmKQiy9+nfUaxJ0RmKz+1ihzKiD/e2RDoKliUlpVaIDNW4v/K/FHn3Av7WjEBc44RwNoXgmxL6cT5Rc+y58j8A=="
    },
    "node-fetch": {
      "version": "2.6.1",
      "resolved": "https://registry.npmjs.org/node-fetch/-/node-fetch-2.6.1.tgz",
      "integrity": "sha512-V4aYg89jEoVRxRb2fJdAg8FHvI7cEyYdVAh94HH0UIK8oJxUfkjlDQN9RbMx+bEjP7+ggMiFRprSti032Oipxw=="
    }
  }
}
