{
  "name": "@tervis/tervisproductmetadata",
  "version": "1.0.46",
  "lockfileVersion": 1,
  "requires": true,
  "dependencies": {
    "@tervis/tervisutilityjs": {
      "version": "0.1.8",
      "resolved": "https://registry.npmjs.org/@tervis/tervisutilityjs/-/tervisutilityjs-0.1.8.tgz",
      "integrity": "sha512-W/M8NBKDqn/Qcso9ANePojE2aCDGGcfl5WYz02dtkudIpwfvUoBX+kKEo6TPwgJ9/xZ1YJRtZi7gm8vxd0T5VQ=="
    },
    "node-fetch": {
      "version": "2.6.0",
      "resolved": "https://registry.npmjs.org/node-fetch/-/node-fetch-2.6.0.tgz",
      "integrity": "sha512-8dG4H5ujfvFiqDmVu9fQ5bOHUC15JMjMY/Zumv26oOvvVJjM67KF8koCWIabKQ1GJIa9r2mMZscBq/TbdOcmNA=="
    }
  }
}
